
Microsoft Visual Studio Solution File, Format Version 12.00
# Visual Studio Version 16
VisualStudioVersion = 16.0.31727.386
MinimumVisualStudioVersion = 10.0.40219.1
Project("{FAE04EC0-301F-11D3-BF4B-00C04F79EFBC}") = "SortedList_uygulamasi", "SortedList_uygulamasi\SortedList_uygulamasi.csproj", "{F27ACBD1-0B9C-43DA-A13C-342CFE15672D}"
EndProject
Global
	GlobalSection(SolutionConfigurationPlatforms) = preSolution
		Debug|Any CPU = Debug|Any CPU
		Release|Any CPU = Release|Any CPU
	EndGlobalSection
	GlobalSection(ProjectConfigurationPlatforms) = postSolution
		{F27ACBD1-0B9C-43DA-A13C-342CFE15672D}.Debug|Any CPU.ActiveCfg = Debug|Any CPU
		{F27ACBD1-0B9C-43DA-A13C-342CFE15672D}.Debug|Any CPU.Build.0 = Debug|Any CPU
		{F27ACBD1-0B9C-43DA-A13C-342CFE15672D}.Release|Any CPU.ActiveCfg = Release|Any CPU
		{F27ACBD1-0B9C-43DA-A13C-342CFE15672D}.Release|Any CPU.Build.0 = Release|Any CPU
	EndGlobalSection
	GlobalSection(SolutionProperties) = preSolution
		HideSolutionNode = FALSE
	EndGlobalSection
	GlobalSection(ExtensibilityGlobals) = postSolution
		SolutionGuid = {2A6F1E35-43B9-4B5B-8CF1-F84EA7DC5BB3}
	EndGlobalSection
EndGlobal
